
Microsoft Visual Studio Solution File, Format Version 12.00
# Visual Studio 15
VisualStudioVersion = 15.0.27703.2042
MinimumVisualStudioVersion = 10.0.40219.1
Project("{FAE04EC0-301F-11D3-BF4B-00C04F79EFBC}") = "WpfApp1", "WpfApp1\WpfApp1.csproj", "{BDA68FC7-8B21-445C-B59C-B7517B9D0FE2}"
EndProject
Global
	GlobalSection(SolutionConfigurationPlatforms) = preSolution
		Debug|Any CPU = Debug|Any CPU
		Release|Any CPU = Release|Any CPU
	EndGlobalSection
	GlobalSection(ProjectConfigurationPlatforms) = postSolution
		{BDA68FC7-8B21-445C-B59C-B7517B9D0FE2}.Debug|Any CPU.ActiveCfg = Debug|Any CPU
		{BDA68FC7-8B21-445C-B59C-B7517B9D0FE2}.Debug|Any CPU.Build.0 = Debug|Any CPU
		{BDA68FC7-8B21-445C-B59C-B7517B9D0FE2}.Release|Any CPU.ActiveCfg = Release|Any CPU
		{BDA68FC7-8B21-445C-B59C-B7517B9D0FE2}.Release|Any CPU.Build.0 = Release|Any CPU
	EndGlobalSection
	GlobalSection(SolutionProperties) = preSolution
		HideSolutionNode = FALSE
	EndGlobalSection
	GlobalSection(ExtensibilityGlobals) = postSolution
		SolutionGuid = {4D80CF63-F21C-4140-A9E4-456C8B1DDD3B}
	EndGlobalSection
EndGlobal
